
Microsoft Visual Studio Solution File, Format Version 12.00
# Visual Studio Version 17
VisualStudioVersion = 17.10.34928.147
MinimumVisualStudioVersion = 10.0.40219.1
Project("{9A19103F-16F7-4668-BE54-9A1E7A4F7556}") = "POC_COTACOES.API", "POC_COTACOES.API.csproj", "{794752B4-9286-4A2E-8481-04C693C598BC}"
EndProject
Project("{2150E333-8FDC-42A3-9474-1A3956D46DE8}") = "Core", "Core", "{818B0159-BC08-465B-BC18-D19D27B01407}"
EndProject
Project("{9A19103F-16F7-4668-BE54-9A1E7A4F7556}") = "POC_COTACOES.Application", "..\POC_COTACOES.Application\POC_COTACOES.Application.csproj", "{4820255A-AC0F-43CD-BCB1-6746667C23E8}"
EndProject
Project("{9A19103F-16F7-4668-BE54-9A1E7A4F7556}") = "POC_COTACOES.Domain", "..\POC_COTACOES.Domain\POC_COTACOES.Domain.csproj", "{8696B605-7D3E-4019-8D9A-14FDAAD06A57}"
EndProject
Project("{2150E333-8FDC-42A3-9474-1A3956D46DE8}") = "Infrastructure", "Infrastructure", "{B3840A97-76DE-434E-B919-5B8B266E829A}"
EndProject
Project("{FAE04EC0-301F-11D3-BF4B-00C04F79EFBC}") = "POC_COTACOES.Infrastructure", "..\POC_COTACOES.Infrastructure\POC_COTACOES.Infrastructure.csproj", "{06360132-0ECC-4218-9165-84D09C9C618E}"
EndProject
Global
	GlobalSection(SolutionConfigurationPlatforms) = preSolution
		Debug|Any CPU = Debug|Any CPU
		Release|Any CPU = Release|Any CPU
	EndGlobalSection
	GlobalSection(ProjectConfigurationPlatforms) = postSolution
		{794752B4-9286-4A2E-8481-04C693C598BC}.Debug|Any CPU.ActiveCfg = Debug|Any CPU
		{794752B4-9286-4A2E-8481-04C693C598BC}.Debug|Any CPU.Build.0 = Debug|Any CPU
		{794752B4-9286-4A2E-8481-04C693C598BC}.Release|Any CPU.ActiveCfg = Release|Any CPU
		{794752B4-9286-4A2E-8481-04C693C598BC}.Release|Any CPU.Build.0 = Release|Any CPU
		{4820255A-AC0F-43CD-BCB1-6746667C23E8}.Debug|Any CPU.ActiveCfg = Debug|Any CPU
		{4820255A-AC0F-43CD-BCB1-6746667C23E8}.Debug|Any CPU.Build.0 = Debug|Any CPU
		{4820255A-AC0F-43CD-BCB1-6746667C23E8}.Release|Any CPU.ActiveCfg = Release|Any CPU
		{4820255A-AC0F-43CD-BCB1-6746667C23E8}.Release|Any CPU.Build.0 = Release|Any CPU
		{8696B605-7D3E-4019-8D9A-14FDAAD06A57}.Debug|Any CPU.ActiveCfg = Debug|Any CPU
		{8696B605-7D3E-4019-8D9A-14FDAAD06A57}.Debug|Any CPU.Build.0 = Debug|Any CPU
		{8696B605-7D3E-4019-8D9A-14FDAAD06A57}.Release|Any CPU.ActiveCfg = Release|Any CPU
		{8696B605-7D3E-4019-8D9A-14FDAAD06A57}.Release|Any CPU.Build.0 = Release|Any CPU
		{06360132-0ECC-4218-9165-84D09C9C618E}.Debug|Any CPU.ActiveCfg = Debug|Any CPU
		{06360132-0ECC-4218-9165-84D09C9C618E}.Debug|Any CPU.Build.0 = Debug|Any CPU
		{06360132-0ECC-4218-9165-84D09C9C618E}.Release|Any CPU.ActiveCfg = Release|Any CPU
		{06360132-0ECC-4218-9165-84D09C9C618E}.Release|Any CPU.Build.0 = Release|Any CPU
	EndGlobalSection
	GlobalSection(SolutionProperties) = preSolution
		HideSolutionNode = FALSE
	EndGlobalSection
	GlobalSection(NestedProjects) = preSolution
		{4820255A-AC0F-43CD-BCB1-6746667C23E8} = {818B0159-BC08-465B-BC18-D19D27B01407}
		{8696B605-7D3E-4019-8D9A-14FDAAD06A57} = {818B0159-BC08-465B-BC18-D19D27B01407}
		{06360132-0ECC-4218-9165-84D09C9C618E} = {B3840A97-76DE-434E-B919-5B8B266E829A}
	EndGlobalSection
	GlobalSection(ExtensibilityGlobals) = postSolution
		SolutionGuid = {7AE2D943-3AEC-4DB6-A888-8DF972EB4C7E}
	EndGlobalSection
EndGlobal
